
Microsoft Visual Studio Solution File, Format Version 12.00
# Visual Studio Version 17
VisualStudioVersion = 17.7.34221.43
MinimumVisualStudioVersion = 10.0.40219.1
Project("{9A19103F-16F7-4668-BE54-9A1E7A4F7556}") = "ClassLibraryMyFileSystemWatcher", "ClassLibraryMyFileSystemWatcher.csproj", "{DF01EE84-616F-49A6-B867-FA299FF87F85}"
EndProject
Project("{2150E333-8FDC-42A3-9474-1A3956D46DE8}") = "Элементы решения", "Элементы решения", "{D3E68B95-2210-4117-936A-96066A54C10A}"
	ProjectSection(SolutionItems) = preProject
		Class1.cs = Class1.cs
	EndProjectSection
EndProject
Global
	GlobalSection(SolutionConfigurationPlatforms) = preSolution
		Debug|Any CPU = Debug|Any CPU
		Release|Any CPU = Release|Any CPU
	EndGlobalSection
	GlobalSection(ProjectConfigurationPlatforms) = postSolution
		{DF01EE84-616F-49A6-B867-FA299FF87F85}.Debug|Any CPU.ActiveCfg = Debug|Any CPU
		{DF01EE84-616F-49A6-B867-FA299FF87F85}.Debug|Any CPU.Build.0 = Debug|Any CPU
		{DF01EE84-616F-49A6-B867-FA299FF87F85}.Release|Any CPU.ActiveCfg = Release|Any CPU
		{DF01EE84-616F-49A6-B867-FA299FF87F85}.Release|Any CPU.Build.0 = Release|Any CPU
	EndGlobalSection
	GlobalSection(SolutionProperties) = preSolution
		HideSolutionNode = FALSE
	EndGlobalSection
	GlobalSection(ExtensibilityGlobals) = postSolution
		SolutionGuid = {7720A7DC-A814-4475-AEFC-B1EB553925B8}
	EndGlobalSection
EndGlobal
